
Microsoft Visual Studio Solution File, Format Version 12.00
# Visual Studio Version 16
VisualStudioVersion = 16.0.32901.82
MinimumVisualStudioVersion = 10.0.40219.1
Project("{FAE04EC0-301F-11D3-BF4B-00C04F79EFBC}") = "FSSFD", "FSSFD\FSSFD.csproj", "{58536C81-97DA-416B-B8D5-6A5771DFEFE2}"
EndProject
Global
	GlobalSection(SolutionConfigurationPlatforms) = preSolution
		Debug|Any CPU = Debug|Any CPU
		Release|Any CPU = Release|Any CPU
	EndGlobalSection
	GlobalSection(ProjectConfigurationPlatforms) = postSolution
		{58536C81-97DA-416B-B8D5-6A5771DFEFE2}.Debug|Any CPU.ActiveCfg = Debug|Any CPU
		{58536C81-97DA-416B-B8D5-6A5771DFEFE2}.Debug|Any CPU.Build.0 = Debug|Any CPU
		{58536C81-97DA-416B-B8D5-6A5771DFEFE2}.Release|Any CPU.ActiveCfg = Release|Any CPU
		{58536C81-97DA-416B-B8D5-6A5771DFEFE2}.Release|Any CPU.Build.0 = Release|Any CPU
	EndGlobalSection
	GlobalSection(SolutionProperties) = preSolution
		HideSolutionNode = FALSE
	EndGlobalSection
	GlobalSection(ExtensibilityGlobals) = postSolution
		SolutionGuid = {8C727F58-2339-4C18-84EC-DD0275A8DA0D}
	EndGlobalSection
EndGlobal
